
Microsoft Visual Studio Solution File, Format Version 12.00
# Visual Studio Version 17
VisualStudioVersion = 17.0.31903.59
MinimumVisualStudioVersion = 10.0.40219.1
Project("{FAE04EC0-301F-11D3-BF4B-00C04F79EFBC}") = "Domain", "Domain\Domain.csproj", "{8DFC47AD-C7B2-44FF-8D22-2AFD2DEAD3C9}"
EndProject
Project("{FAE04EC0-301F-11D3-BF4B-00C04F79EFBC}") = "Application", "Application\Application.csproj", "{FF9A907A-016C-4D80-A848-2E193EBFCC65}"
EndProject
Project("{FAE04EC0-301F-11D3-BF4B-00C04F79EFBC}") = "Infrastructure", "Infrastructure\Infrastructure.csproj", "{132ABACB-7C26-46C4-967D-2758F74B168A}"
EndProject
Global
	GlobalSection(SolutionConfigurationPlatforms) = preSolution
		Debug|Any CPU = Debug|Any CPU
		Release|Any CPU = Release|Any CPU
	EndGlobalSection
	GlobalSection(SolutionProperties) = preSolution
		HideSolutionNode = FALSE
	EndGlobalSection
	GlobalSection(ProjectConfigurationPlatforms) = postSolution
		{8DFC47AD-C7B2-44FF-8D22-2AFD2DEAD3C9}.Debug|Any CPU.ActiveCfg = Debug|Any CPU
		{8DFC47AD-C7B2-44FF-8D22-2AFD2DEAD3C9}.Debug|Any CPU.Build.0 = Debug|Any CPU
		{8DFC47AD-C7B2-44FF-8D22-2AFD2DEAD3C9}.Release|Any CPU.ActiveCfg = Release|Any CPU
		{8DFC47AD-C7B2-44FF-8D22-2AFD2DEAD3C9}.Release|Any CPU.Build.0 = Release|Any CPU
		{FF9A907A-016C-4D80-A848-2E193EBFCC65}.Debug|Any CPU.ActiveCfg = Debug|Any CPU
		{FF9A907A-016C-4D80-A848-2E193EBFCC65}.Debug|Any CPU.Build.0 = Debug|Any CPU
		{FF9A907A-016C-4D80-A848-2E193EBFCC65}.Release|Any CPU.ActiveCfg = Release|Any CPU
		{FF9A907A-016C-4D80-A848-2E193EBFCC65}.Release|Any CPU.Build.0 = Release|Any CPU
		{132ABACB-7C26-46C4-967D-2758F74B168A}.Debug|Any CPU.ActiveCfg = Debug|Any CPU
		{132ABACB-7C26-46C4-967D-2758F74B168A}.Debug|Any CPU.Build.0 = Debug|Any CPU
		{132ABACB-7C26-46C4-967D-2758F74B168A}.Release|Any CPU.ActiveCfg = Release|Any CPU
		{132ABACB-7C26-46C4-967D-2758F74B168A}.Release|Any CPU.Build.0 = Release|Any CPU
	EndGlobalSection
EndGlobal
